
Microsoft Visual Studio Solution File, Format Version 12.00
# Visual Studio Version 17
VisualStudioVersion = 17.14.36414.22
MinimumVisualStudioVersion = 10.0.40219.1
Project("{FAE04EC0-301F-11D3-BF4B-00C04F79EFBC}") = "UI.NumerosAleatorios", "UI.NumerosAleatorios\UI.NumerosAleatorios.csproj", "{E3164462-3E22-434E-BEC2-5F931973DC50}"
EndProject
Project("{FAE04EC0-301F-11D3-BF4B-00C04F79EFBC}") = "UI.Trabajo", "UI.Trabajo\UI.Trabajo.csproj", "{E848122F-4B8B-4EBD-9CF3-E53D1F901219}"
EndProject
Project("{FAE04EC0-301F-11D3-BF4B-00C04F79EFBC}") = "FuncionesLambda", "FuncionesLambda\FuncionesLambda.csproj", "{423DD7E2-AF46-46DE-B439-2B5833600A2D}"
EndProject
Project("{FAE04EC0-301F-11D3-BF4B-00C04F79EFBC}") = "ComplejidadAlgoritmos", "ComplejidadAlgoritmos\ComplejidadAlgoritmos.csproj", "{D5BC8A62-53A1-45C4-9449-547DD9F1B822}"
EndProject
Project("{FAE04EC0-301F-11D3-BF4B-00C04F79EFBC}") = "FuncionesLambdaActividad", "FuncionesLambdaActividad\FuncionesLambdaActividad.csproj", "{C7656CAC-F4FA-4EBC-8250-D18DFFFFCEA5}"
EndProject
Project("{FAE04EC0-301F-11D3-BF4B-00C04F79EFBC}") = "Recursividad.Consola", "Recursividad.Consola\Recursividad.Consola.csproj", "{CD9F3C34-19F8-437A-90D7-F4F50EEA31AD}"
EndProject
Project("{FAE04EC0-301F-11D3-BF4B-00C04F79EFBC}") = "Recursividad.Logica", "Recursividad.Logica\Recursividad.Logica.csproj", "{ECFE25B2-831A-4654-9FEF-E41A32CF2025}"
EndProject
Project("{FAE04EC0-301F-11D3-BF4B-00C04F79EFBC}") = "RecursividadAC", "RecursividadAC\RecursividadAC.csproj", "{B6516AC4-7F51-4CB4-8E3F-39240BB88148}"
EndProject
Project("{FAE04EC0-301F-11D3-BF4B-00C04F79EFBC}") = "RecursividadCacod", "RecursividadCacod\RecursividadCacod.csproj", "{2D17771B-9AA0-43E8-A82A-E7F345BF8384}"
EndProject
Project("{FAE04EC0-301F-11D3-BF4B-00C04F79EFBC}") = "Recursiv-Actividad1", "Recursiv-Actividad1\Recursiv-Actividad1.csproj", "{013748A7-10DF-4181-A597-E1B081A6F4A9}"
EndProject
Project("{FAE04EC0-301F-11D3-BF4B-00C04F79EFBC}") = "Codigo-Recursividad-actividad1", "Codigo-Recursividad-actividad1\Codigo-Recursividad-actividad1.csproj", "{564E6C67-C718-45AA-A520-DE5D23FDDB35}"
EndProject
Global
	GlobalSection(SolutionConfigurationPlatforms) = preSolution
		Debug|Any CPU = Debug|Any CPU
		Release|Any CPU = Release|Any CPU
	EndGlobalSection
	GlobalSection(ProjectConfigurationPlatforms) = postSolution
		{E3164462-3E22-434E-BEC2-5F931973DC50}.Debug|Any CPU.ActiveCfg = Debug|Any CPU
		{E3164462-3E22-434E-BEC2-5F931973DC50}.Debug|Any CPU.Build.0 = Debug|Any CPU
		{E3164462-3E22-434E-BEC2-5F931973DC50}.Release|Any CPU.ActiveCfg = Release|Any CPU
		{E3164462-3E22-434E-BEC2-5F931973DC50}.Release|Any CPU.Build.0 = Release|Any CPU
		{E848122F-4B8B-4EBD-9CF3-E53D1F901219}.Debug|Any CPU.ActiveCfg = Debug|Any CPU
		{E848122F-4B8B-4EBD-9CF3-E53D1F901219}.Debug|Any CPU.Build.0 = Debug|Any CPU
		{E848122F-4B8B-4EBD-9CF3-E53D1F901219}.Release|Any CPU.ActiveCfg = Release|Any CPU
		{E848122F-4B8B-4EBD-9CF3-E53D1F901219}.Release|Any CPU.Build.0 = Release|Any CPU
		{423DD7E2-AF46-46DE-B439-2B5833600A2D}.Debug|Any CPU.ActiveCfg = Debug|Any CPU
		{423DD7E2-AF46-46DE-B439-2B5833600A2D}.Debug|Any CPU.Build.0 = Debug|Any CPU
		{423DD7E2-AF46-46DE-B439-2B5833600A2D}.Release|Any CPU.ActiveCfg = Release|Any CPU
		{423DD7E2-AF46-46DE-B439-2B5833600A2D}.Release|Any CPU.Build.0 = Release|Any CPU
		{D5BC8A62-53A1-45C4-9449-547DD9F1B822}.Debug|Any CPU.ActiveCfg = Debug|Any CPU
		{D5BC8A62-53A1-45C4-9449-547DD9F1B822}.Debug|Any CPU.Build.0 = Debug|Any CPU
		{D5BC8A62-53A1-45C4-9449-547DD9F1B822}.Release|Any CPU.ActiveCfg = Release|Any CPU
		{D5BC8A62-53A1-45C4-9449-547DD9F1B822}.Release|Any CPU.Build.0 = Release|Any CPU
		{C7656CAC-F4FA-4EBC-8250-D18DFFFFCEA5}.Debug|Any CPU.ActiveCfg = Debug|Any CPU
		{C7656CAC-F4FA-4EBC-8250-D18DFFFFCEA5}.Debug|Any CPU.Build.0 = Debug|Any CPU
		{C7656CAC-F4FA-4EBC-8250-D18DFFFFCEA5}.Release|Any CPU.ActiveCfg = Release|Any CPU
		{C7656CAC-F4FA-4EBC-8250-D18DFFFFCEA5}.Release|Any CPU.Build.0 = Release|Any CPU
		{CD9F3C34-19F8-437A-90D7-F4F50EEA31AD}.Debug|Any CPU.ActiveCfg = Debug|Any CPU
		{CD9F3C34-19F8-437A-90D7-F4F50EEA31AD}.Debug|Any CPU.Build.0 = Debug|Any CPU
		{CD9F3C34-19F8-437A-90D7-F4F50EEA31AD}.Release|Any CPU.ActiveCfg = Release|Any CPU
		{CD9F3C34-19F8-437A-90D7-F4F50EEA31AD}.Release|Any CPU.Build.0 = Release|Any CPU
		{ECFE25B2-831A-4654-9FEF-E41A32CF2025}.Debug|Any CPU.ActiveCfg = Debug|Any CPU
		{ECFE25B2-831A-4654-9FEF-E41A32CF2025}.Debug|Any CPU.Build.0 = Debug|Any CPU
		{ECFE25B2-831A-4654-9FEF-E41A32CF2025}.Release|Any CPU.ActiveCfg = Release|Any CPU
		{ECFE25B2-831A-4654-9FEF-E41A32CF2025}.Release|Any CPU.Build.0 = Release|Any CPU
		{B6516AC4-7F51-4CB4-8E3F-39240BB88148}.Debug|Any CPU.ActiveCfg = Debug|Any CPU
		{B6516AC4-7F51-4CB4-8E3F-39240BB88148}.Debug|Any CPU.Build.0 = Debug|Any CPU
		{B6516AC4-7F51-4CB4-8E3F-39240BB88148}.Release|Any CPU.ActiveCfg = Release|Any CPU
		{B6516AC4-7F51-4CB4-8E3F-39240BB88148}.Release|Any CPU.Build.0 = Release|Any CPU
		{2D17771B-9AA0-43E8-A82A-E7F345BF8384}.Debug|Any CPU.ActiveCfg = Debug|Any CPU
		{2D17771B-9AA0-43E8-A82A-E7F345BF8384}.Debug|Any CPU.Build.0 = Debug|Any CPU
		{2D17771B-9AA0-43E8-A82A-E7F345BF8384}.Release|Any CPU.ActiveCfg = Release|Any CPU
		{2D17771B-9AA0-43E8-A82A-E7F345BF8384}.Release|Any CPU.Build.0 = Release|Any CPU
		{013748A7-10DF-4181-A597-E1B081A6F4A9}.Debug|Any CPU.ActiveCfg = Debug|Any CPU
		{013748A7-10DF-4181-A597-E1B081A6F4A9}.Debug|Any CPU.Build.0 = Debug|Any CPU
		{013748A7-10DF-4181-A597-E1B081A6F4A9}.Release|Any CPU.ActiveCfg = Release|Any CPU
		{013748A7-10DF-4181-A597-E1B081A6F4A9}.Release|Any CPU.Build.0 = Release|Any CPU
		{564E6C67-C718-45AA-A520-DE5D23FDDB35}.Debug|Any CPU.ActiveCfg = Debug|Any CPU
		{564E6C67-C718-45AA-A520-DE5D23FDDB35}.Debug|Any CPU.Build.0 = Debug|Any CPU
		{564E6C67-C718-45AA-A520-DE5D23FDDB35}.Release|Any CPU.ActiveCfg = Release|Any CPU
		{564E6C67-C718-45AA-A520-DE5D23FDDB35}.Release|Any CPU.Build.0 = Release|Any CPU
	EndGlobalSection
	GlobalSection(SolutionProperties) = preSolution
		HideSolutionNode = FALSE
	EndGlobalSection
	GlobalSection(ExtensibilityGlobals) = postSolution
		SolutionGuid = {54B02833-6FA8-42D5-80CD-5AFA35254534}
	EndGlobalSection
EndGlobal
