
Microsoft Visual Studio Solution File, Format Version 12.00
# Visual Studio Version 17
VisualStudioVersion = 17.14.36414.22 d17.14
MinimumVisualStudioVersion = 10.0.40219.1
Project("{FAE04EC0-301F-11D3-BF4B-00C04F79EFBC}") = "Actividad1", "Actividad1\Actividad1.csproj", "{F3BEE144-DDFB-4894-A913-D87C8E6431CF}"
EndProject
Global
	GlobalSection(SolutionConfigurationPlatforms) = preSolution
		Debug|Any CPU = Debug|Any CPU
		Release|Any CPU = Release|Any CPU
	EndGlobalSection
	GlobalSection(ProjectConfigurationPlatforms) = postSolution
		{F3BEE144-DDFB-4894-A913-D87C8E6431CF}.Debug|Any CPU.ActiveCfg = Debug|Any CPU
		{F3BEE144-DDFB-4894-A913-D87C8E6431CF}.Debug|Any CPU.Build.0 = Debug|Any CPU
		{F3BEE144-DDFB-4894-A913-D87C8E6431CF}.Release|Any CPU.ActiveCfg = Release|Any CPU
		{F3BEE144-DDFB-4894-A913-D87C8E6431CF}.Release|Any CPU.Build.0 = Release|Any CPU
	EndGlobalSection
	GlobalSection(SolutionProperties) = preSolution
		HideSolutionNode = FALSE
	EndGlobalSection
	GlobalSection(ExtensibilityGlobals) = postSolution
		SolutionGuid = {C3AADEA5-ADB7-4791-B571-632055211CA5}
	EndGlobalSection
EndGlobal
